{
  "name": "Imaginaition website",
  "lockfileVersion": 3,
  "requires": true,
  "packages": {
    "": {
      "devDependencies": {
        "@stagewise/toolbar": "^0.4.9"
      }
    },
    "node_modules/@stagewise/toolbar": {
      "version": "0.4.9",
      "resolved": "https://registry.npmjs.org/@stagewise/toolbar/-/toolbar-0.4.9.tgz",
      "integrity": "sha512-fBggX+4nLwRDHnevWk32BjpMpc6vjF2k9mdamsPqAUnbsKbJnkTCjm0o8DOKcjRO9M/PGwcED4Ct0AWHQvkR/Q==",
      "dev": true,
      "license": "AGPL-3.0-only"
    }
  }
}
